
Microsoft Visual Studio Solution File, Format Version 12.00
# Visual Studio Version 16
VisualStudioVersion = 16.0.31424.327
MinimumVisualStudioVersion = 10.0.40219.1
Project("{FAE04EC0-301F-11D3-BF4B-00C04F79EFBC}") = "CableManager.WinForm", "CableManager.WinForm\CableManager.WinForm.csproj", "{8F9F4004-DFF8-4FF0-9BE1-38EBD4CF8A9E}"
EndProject
Project("{FAE04EC0-301F-11D3-BF4B-00C04F79EFBC}") = "CableManager.Business", "CableManager.Business\CableManager.Business.csproj", "{002B3A44-67E1-460E-B395-FF19F7A38A77}"
EndProject
Global
	GlobalSection(SolutionConfigurationPlatforms) = preSolution
		Debug|Any CPU = Debug|Any CPU
		Release|Any CPU = Release|Any CPU
	EndGlobalSection
	GlobalSection(ProjectConfigurationPlatforms) = postSolution
		{8F9F4004-DFF8-4FF0-9BE1-38EBD4CF8A9E}.Debug|Any CPU.ActiveCfg = Debug|Any CPU
		{8F9F4004-DFF8-4FF0-9BE1-38EBD4CF8A9E}.Debug|Any CPU.Build.0 = Debug|Any CPU
		{8F9F4004-DFF8-4FF0-9BE1-38EBD4CF8A9E}.Release|Any CPU.ActiveCfg = Release|Any CPU
		{8F9F4004-DFF8-4FF0-9BE1-38EBD4CF8A9E}.Release|Any CPU.Build.0 = Release|Any CPU
		{002B3A44-67E1-460E-B395-FF19F7A38A77}.Debug|Any CPU.ActiveCfg = Debug|Any CPU
		{002B3A44-67E1-460E-B395-FF19F7A38A77}.Debug|Any CPU.Build.0 = Debug|Any CPU
		{002B3A44-67E1-460E-B395-FF19F7A38A77}.Release|Any CPU.ActiveCfg = Release|Any CPU
		{002B3A44-67E1-460E-B395-FF19F7A38A77}.Release|Any CPU.Build.0 = Release|Any CPU
	EndGlobalSection
	GlobalSection(SolutionProperties) = preSolution
		HideSolutionNode = FALSE
	EndGlobalSection
	GlobalSection(ExtensibilityGlobals) = postSolution
		SolutionGuid = {0092B5EE-46FD-4E8E-9FBD-AAFF2C6BD60C}
	EndGlobalSection
EndGlobal
